
Microsoft Visual Studio Solution File, Format Version 12.00
# Visual Studio Version 17
VisualStudioVersion = 17.14.36414.22 d17.14
MinimumVisualStudioVersion = 10.0.40219.1
Project("{FAE04EC0-301F-11D3-BF4B-00C04F79EFBC}") = "animation lesson", "animation lesson.csproj", "{BD77CC0F-5D28-4655-AD54-45D9675688EE}"
EndProject
Global
	GlobalSection(SolutionConfigurationPlatforms) = preSolution
		Debug|Any CPU = Debug|Any CPU
		Release|Any CPU = Release|Any CPU
	EndGlobalSection
	GlobalSection(ProjectConfigurationPlatforms) = postSolution
		{BD77CC0F-5D28-4655-AD54-45D9675688EE}.Debug|Any CPU.ActiveCfg = Debug|Any CPU
		{BD77CC0F-5D28-4655-AD54-45D9675688EE}.Debug|Any CPU.Build.0 = Debug|Any CPU
		{BD77CC0F-5D28-4655-AD54-45D9675688EE}.Release|Any CPU.ActiveCfg = Release|Any CPU
		{BD77CC0F-5D28-4655-AD54-45D9675688EE}.Release|Any CPU.Build.0 = Release|Any CPU
	EndGlobalSection
	GlobalSection(SolutionProperties) = preSolution
		HideSolutionNode = FALSE
	EndGlobalSection
	GlobalSection(ExtensibilityGlobals) = postSolution
		SolutionGuid = {19B7B490-F92A-451D-BA9C-07EF38378ED4}
	EndGlobalSection
EndGlobal
